
Microsoft Visual Studio Solution File, Format Version 12.00
# Visual Studio Version 17
VisualStudioVersion = 17.14.35906.104 d17.14
MinimumVisualStudioVersion = 10.0.40219.1
Project("{FAE04EC0-301F-11D3-BF4B-00C04F79EFBC}") = "KerryInternetMonitor", "KerryInternetMonitor.csproj", "{69C098AA-CB5C-4817-8128-A587AA7037BC}"
EndProject
Global
	GlobalSection(SolutionConfigurationPlatforms) = preSolution
		Debug|Any CPU = Debug|Any CPU
		Release|Any CPU = Release|Any CPU
	EndGlobalSection
	GlobalSection(ProjectConfigurationPlatforms) = postSolution
		{69C098AA-CB5C-4817-8128-A587AA7037BC}.Debug|Any CPU.ActiveCfg = Debug|Any CPU
		{69C098AA-CB5C-4817-8128-A587AA7037BC}.Debug|Any CPU.Build.0 = Debug|Any CPU
		{69C098AA-CB5C-4817-8128-A587AA7037BC}.Release|Any CPU.ActiveCfg = Release|Any CPU
		{69C098AA-CB5C-4817-8128-A587AA7037BC}.Release|Any CPU.Build.0 = Release|Any CPU
	EndGlobalSection
	GlobalSection(SolutionProperties) = preSolution
		HideSolutionNode = FALSE
	EndGlobalSection
	GlobalSection(ExtensibilityGlobals) = postSolution
		SolutionGuid = {B6A6F59A-EFFF-4BD4-9914-8829B51860D2}
	EndGlobalSection
EndGlobal
